// !$*UTF8*$!
{
	archiveVersion = 1;
	classes = {
	};
	objectVersion = 46;
	objects = {

/* Begin PBXBuildFile section */
		576B40011B9F953400B9D296 /* main.m in Sources */ = {isa = PBXBuildFile; fileRef = 576B40001B9F953400B9D296 /* main.m */; };
		576B40041B9F953400B9D296 /* AppDelegate.m in Sources */ = {isa = PBXBuildFile; fileRef = 576B40031B9F953400B9D296 /* AppDelegate.m */; };
		576B401B1B9F953400B9D296 /* NextLiftTests.m in Sources */ = {isa = PBXBuildFile; fileRef = 576B401A1B9F953400B9D296 /* NextLiftTests.m */; };
		577D43311BB1CE7600695F3C /* MuscleGroupsViewController.m in Sources */ = {isa = PBXBuildFile; fileRef = 577D43301BB1CE7600695F3C /* MuscleGroupsViewController.m */; settings = {ASSET_TAGS = (); }; };
		577DF7201BAA111D00E7B7C9 /* AddMuscleGroupViewController.m in Sources */ = {isa = PBXBuildFile; fileRef = 577DF71F1BAA111D00E7B7C9 /* AddMuscleGroupViewController.m */; };
		57D1C0761BAB57740000DF37 /* ExercisesViewController.m in Sources */ = {isa = PBXBuildFile; fileRef = 57D1C0751BAB57740000DF37 /* ExercisesViewController.m */; settings = {ASSET_TAGS = (); }; };
		6D7217C990EC6EC9258F82DD /* libPods.a in Frameworks */ = {isa = PBXBuildFile; fileRef = CF9241613C211B28BF8D14E4 /* libPods.a */; };
		BA88B92F7175442FE9FD8992 /* NLFExercise.m in Sources */ = {isa = PBXBuildFile; fileRef = BA88BFE56463F85FD0001B39 /* NLFExercise.m */; };
		BA88BA7719CA7B3EC70D868E /* NLFDatabase.m in Sources */ = {isa = PBXBuildFile; fileRef = BA88B27A69F6AD47032221C2 /* NLFDatabase.m */; };
		BA88BC3961AC65F23BD81C7E /* CategoryTableCell.m in Sources */ = {isa = PBXBuildFile; fileRef = BA88B3810347E2747FF8BFA5 /* CategoryTableCell.m */; };
		BA88BC98E47B56B3BCA15E16 /* LaunchScreen.xib in Resources */ = {isa = PBXBuildFile; fileRef = BA88BC6D3AB28DB5E8919BDC /* LaunchScreen.xib */; };
		BA88BCD23E67E84E8F20CEB5 /* Images.xcassets in Resources */ = {isa = PBXBuildFile; fileRef = BA88BEF123CB60E3D8047FBB /* Images.xcassets */; };
		BA88BD46AB3D647F5CD5DCC5 /* NLFColor.m in Sources */ = {isa = PBXBuildFile; fileRef = BA88BF57744577168FB04FC9 /* NLFColor.m */; };
		BA88BDA7F20B5A60D64583B7 /* CategoryViewController.m in Sources */ = {isa = PBXBuildFile; fileRef = BA88BD1D695ABD7321C99973 /* CategoryViewController.m */; };
		BA88BDB1BAF30493052BCF36 /* NLFDatabaseFactory.m in Sources */ = {isa = PBXBuildFile; fileRef = BA88BAE8C9B1A6692319A070 /* NLFDatabaseFactory.m */; };
		BA88BDB7748328988E829088 /* Main.storyboard in Resources */ = {isa = PBXBuildFile; fileRef = BA88B0816EBC670F9F71F17D /* Main.storyboard */; };
		BA88BDCD39FE3A6D50964B1F /* CategoryTableCell.xib in Resources */ = {isa = PBXBuildFile; fileRef = BA88B83760B6887B7CC24497 /* CategoryTableCell.xib */; };
		BA88BE6EC269E0FD371D22DC /* NLFMuscleGroup.m in Sources */ = {isa = PBXBuildFile; fileRef = BA88BF46D126F208297E3E8D /* NLFMuscleGroup.m */; };
/* End PBXBuildFile section */

/* Begin PBXContainerItemProxy section */
		576B40151B9F953400B9D296 /* PBXContainerItemProxy */ = {
			isa = PBXContainerItemProxy;
			containerPortal = 576B3FF31B9F953400B9D296 /* Project object */;
			proxyType = 1;
			remoteGlobalIDString = 576B3FFA1B9F953400B9D296;
			remoteInfo = NextLift;
		};
/* End PBXContainerItemProxy section */

/* Begin PBXFileReference section */
		576B3FFB1B9F953400B9D296 /* NextLift.app */ = {isa = PBXFileReference; explicitFileType = wrapper.application; includeInIndex = 0; path = NextLift.app; sourceTree = BUILT_PRODUCTS_DIR; };
		576B3FFF1B9F953400B9D296 /* Info.plist */ = {isa = PBXFileReference; lastKnownFileType = text.plist.xml; path = Info.plist; sourceTree = "<group>"; };
		576B40001B9F953400B9D296 /* main.m */ = {isa = PBXFileReference; lastKnownFileType = sourcecode.c.objc; path = main.m; sourceTree = "<group>"; };
		576B40021B9F953400B9D296 /* AppDelegate.h */ = {isa = PBXFileReference; lastKnownFileType = sourcecode.c.h; path = AppDelegate.h; sourceTree = "<group>"; };
		576B40031B9F953400B9D296 /* AppDelegate.m */ = {isa = PBXFileReference; lastKnownFileType = sourcecode.c.objc; path = AppDelegate.m; sourceTree = "<group>"; };
		576B40141B9F953400B9D296 /* NextLiftTests.xctest */ = {isa = PBXFileReference; explicitFileType = wrapper.cfbundle; includeInIndex = 0; path = NextLiftTests.xctest; sourceTree = BUILT_PRODUCTS_DIR; };
		576B40191B9F953400B9D296 /* Info.plist */ = {isa = PBXFileReference; lastKnownFileType = text.plist.xml; path = Info.plist; sourceTree = "<group>"; };
		576B401A1B9F953400B9D296 /* NextLiftTests.m */ = {isa = PBXFileReference; lastKnownFileType = sourcecode.c.objc; path = NextLiftTests.m; sourceTree = "<group>"; };
		577D432F1BB1CE7600695F3C /* MuscleGroupsViewController.h */ = {isa = PBXFileReference; fileEncoding = 4; lastKnownFileType = sourcecode.c.h; path = MuscleGroupsViewController.h; sourceTree = "<group>"; };
		577D43301BB1CE7600695F3C /* MuscleGroupsViewController.m */ = {isa = PBXFileReference; fileEncoding = 4; lastKnownFileType = sourcecode.c.objc; path = MuscleGroupsViewController.m; sourceTree = "<group>"; };
		577DF71E1BAA111D00E7B7C9 /* AddMuscleGroupViewController.h */ = {isa = PBXFileReference; fileEncoding = 4; lastKnownFileType = sourcecode.c.h; path = AddMuscleGroupViewController.h; sourceTree = "<group>"; };
		577DF71F1BAA111D00E7B7C9 /* AddMuscleGroupViewController.m */ = {isa = PBXFileReference; fileEncoding = 4; lastKnownFileType = sourcecode.c.objc; path = AddMuscleGroupViewController.m; sourceTree = "<group>"; };
		57D1C0741BAB57740000DF37 /* ExercisesViewController.h */ = {isa = PBXFileReference; fileEncoding = 4; lastKnownFileType = sourcecode.c.h; path = ExercisesViewController.h; sourceTree = "<group>"; };
		57D1C0751BAB57740000DF37 /* ExercisesViewController.m */ = {isa = PBXFileReference; fileEncoding = 4; lastKnownFileType = sourcecode.c.objc; path = ExercisesViewController.m; sourceTree = "<group>"; };
		6058FAF29D7829664B0D844C /* Pods.debug.xcconfig */ = {isa = PBXFileReference; includeInIndex = 1; lastKnownFileType = text.xcconfig; name = Pods.debug.xcconfig; path = "Pods/Target Support Files/Pods/Pods.debug.xcconfig"; sourceTree = "<group>"; };
		98309EBDAE26E0F0A112B016 /* Pods.release.xcconfig */ = {isa = PBXFileReference; includeInIndex = 1; lastKnownFileType = text.xcconfig; name = Pods.release.xcconfig; path = "Pods/Target Support Files/Pods/Pods.release.xcconfig"; sourceTree = "<group>"; };
		BA88B125901291F56FA46E81 /* Base */ = {isa = PBXFileReference; lastKnownFileType = file.xib; name = Base; path = Base.lproj/LaunchScreen.xib; sourceTree = "<group>"; };
		BA88B27A69F6AD47032221C2 /* NLFDatabase.m */ = {isa = PBXFileReference; fileEncoding = 4; lastKnownFileType = sourcecode.c.objc; name = NLFDatabase.m; path = Stores/NLFDatabase.m; sourceTree = "<group>"; };
		BA88B3810347E2747FF8BFA5 /* CategoryTableCell.m */ = {isa = PBXFileReference; fileEncoding = 4; lastKnownFileType = sourcecode.c.objc; path = CategoryTableCell.m; sourceTree = "<group>"; };
		BA88B45D6F0A52D714C88567 /* CategoryViewController.h */ = {isa = PBXFileReference; fileEncoding = 4; lastKnownFileType = sourcecode.c.h; path = CategoryViewController.h; sourceTree = "<group>"; };
		BA88B5679C786CFA6A59B89E /* NLFMuscleGroup.h */ = {isa = PBXFileReference; fileEncoding = 4; lastKnownFileType = sourcecode.c.h; name = NLFMuscleGroup.h; path = models/NLFMuscleGroup.h; sourceTree = "<group>"; };
		BA88B746262150B99BB3214C /* Base */ = {isa = PBXFileReference; lastKnownFileType = file.storyboard; name = Base; path = NextLift/Base.lproj/Main.storyboard; sourceTree = SOURCE_ROOT; };
		BA88B83760B6887B7CC24497 /* CategoryTableCell.xib */ = {isa = PBXFileReference; lastKnownFileType = file.xib; path = CategoryTableCell.xib; sourceTree = "<group>"; };
		BA88BAE8C9B1A6692319A070 /* NLFDatabaseFactory.m */ = {isa = PBXFileReference; fileEncoding = 4; lastKnownFileType = sourcecode.c.objc; name = NLFDatabaseFactory.m; path = Stores/NLFDatabaseFactory.m; sourceTree = "<group>"; };
		BA88BB59C41EEB92173EC7E9 /* NLFDatabaseFactory.h */ = {isa = PBXFileReference; fileEncoding = 4; lastKnownFileType = sourcecode.c.h; name = NLFDatabaseFactory.h; path = Stores/NLFDatabaseFactory.h; sourceTree = "<group>"; };
		BA88BBDEA5B31255BBD27A53 /* CategoryTableCell.h */ = {isa = PBXFileReference; fileEncoding = 4; lastKnownFileType = sourcecode.c.h; path = CategoryTableCell.h; sourceTree = "<group>"; };
		BA88BC41960E2EC056D4448C /* NLFColor.h */ = {isa = PBXFileReference; fileEncoding = 4; lastKnownFileType = sourcecode.c.h; path = NLFColor.h; sourceTree = "<group>"; };
		BA88BD1D695ABD7321C99973 /* CategoryViewController.m */ = {isa = PBXFileReference; fileEncoding = 4; lastKnownFileType = sourcecode.c.objc; path = CategoryViewController.m; sourceTree = "<group>"; };
		BA88BD91E92FA38DCBB96B6E /* NLFDatabase.h */ = {isa = PBXFileReference; fileEncoding = 4; lastKnownFileType = sourcecode.c.h; name = NLFDatabase.h; path = Stores/NLFDatabase.h; sourceTree = "<group>"; };
		BA88BEE692FF2233A8CDA6EB /* NLFExercise.h */ = {isa = PBXFileReference; fileEncoding = 4; lastKnownFileType = sourcecode.c.h; name = NLFExercise.h; path = Models/NLFExercise.h; sourceTree = "<group>"; };
		BA88BEF123CB60E3D8047FBB /* Images.xcassets */ = {isa = PBXFileReference; lastKnownFileType = folder.assetcatalog; path = Images.xcassets; sourceTree = "<group>"; };
		BA88BF46D126F208297E3E8D /* NLFMuscleGroup.m */ = {isa = PBXFileReference; fileEncoding = 4; lastKnownFileType = sourcecode.c.objc; name = NLFMuscleGroup.m; path = models/NLFMuscleGroup.m; sourceTree = "<group>"; };
		BA88BF57744577168FB04FC9 /* NLFColor.m */ = {isa = PBXFileReference; fileEncoding = 4; lastKnownFileType = sourcecode.c.objc; path = NLFColor.m; sourceTree = "<group>"; };
		BA88BFE56463F85FD0001B39 /* NLFExercise.m */ = {isa = PBXFileReference; fileEncoding = 4; lastKnownFileType = sourcecode.c.objc; name = NLFExercise.m; path = Models/NLFExercise.m; sourceTree = "<group>"; };
		CF9241613C211B28BF8D14E4 /* libPods.a */ = {isa = PBXFileReference; explicitFileType = archive.ar; includeInIndex = 0; path = libPods.a; sourceTree = BUILT_PRODUCTS_DIR; };
/* End PBXFileReference section */

/* Begin PBXFrameworksBuildPhase section */
		576B3FF81B9F953400B9D296 /* Frameworks */ = {
			isa = PBXFrameworksBuildPhase;
			buildActionMask = 2147483647;
			files = (
				6D7217C990EC6EC9258F82DD /* libPods.a in Frameworks */,
			);
			runOnlyForDeploymentPostprocessing = 0;
		};
		576B40111B9F953400B9D296 /* Frameworks */ = {
			isa = PBXFrameworksBuildPhase;
			buildActionMask = 2147483647;
			files = (
			);
			runOnlyForDeploymentPostprocessing = 0;
		};
/* End PBXFrameworksBuildPhase section */

/* Begin PBXGroup section */
		1C0DCAA78B7CE9AC6E2BB36F /* Pods */ = {
			isa = PBXGroup;
			children = (
				6058FAF29D7829664B0D844C /* Pods.debug.xcconfig */,
				98309EBDAE26E0F0A112B016 /* Pods.release.xcconfig */,
			);
			name = Pods;
			sourceTree = "<group>";
		};
		576B3FF21B9F953400B9D296 = {
			isa = PBXGroup;
			children = (
				576B3FFD1B9F953400B9D296 /* NextLift */,
				576B40171B9F953400B9D296 /* NextLiftTests */,
				576B3FFC1B9F953400B9D296 /* Products */,
				1C0DCAA78B7CE9AC6E2BB36F /* Pods */,
				6BD161F2285104FD221BBA4C /* Frameworks */,
			);
			sourceTree = "<group>";
		};
		576B3FFC1B9F953400B9D296 /* Products */ = {
			isa = PBXGroup;
			children = (
				576B3FFB1B9F953400B9D296 /* NextLift.app */,
				576B40141B9F953400B9D296 /* NextLiftTests.xctest */,
			);
			name = Products;
			sourceTree = "<group>";
		};
		576B3FFD1B9F953400B9D296 /* NextLift */ = {
			isa = PBXGroup;
			children = (
				57EDFA2C1BA8BFE2000FB51A /* Resources */,
				57EDFA2B1BA8BF7C000FB51A /* Controllers */,
				57EDFA2A1BA8BF0E000FB51A /* Views */,
				57DA6AEF1BA76488007B9EC7 /* Stores */,
				57DA6AEE1BA7646B007B9EC7 /* Models */,
				576B40021B9F953400B9D296 /* AppDelegate.h */,
				576B40031B9F953400B9D296 /* AppDelegate.m */,
				576B3FFE1B9F953400B9D296 /* Supporting Files */,
				BA88B9F0CB95F6D5D13FC13E /* Utils */,
				BA88B4AF5A3D9FD62799C2F7 /* Storyboards */,
			);
			path = NextLift;
			sourceTree = "<group>";
		};
		576B3FFE1B9F953400B9D296 /* Supporting Files */ = {
			isa = PBXGroup;
			children = (
				576B3FFF1B9F953400B9D296 /* Info.plist */,
				576B40001B9F953400B9D296 /* main.m */,
			);
			name = "Supporting Files";
			sourceTree = "<group>";
		};
		576B40171B9F953400B9D296 /* NextLiftTests */ = {
			isa = PBXGroup;
			children = (
				576B401A1B9F953400B9D296 /* NextLiftTests.m */,
				576B40181B9F953400B9D296 /* Supporting Files */,
			);
			path = NextLiftTests;
			sourceTree = "<group>";
		};
		576B40181B9F953400B9D296 /* Supporting Files */ = {
			isa = PBXGroup;
			children = (
				576B40191B9F953400B9D296 /* Info.plist */,
			);
			name = "Supporting Files";
			sourceTree = "<group>";
		};
		57DA6AEE1BA7646B007B9EC7 /* Models */ = {
			isa = PBXGroup;
			children = (
				BA88BFE56463F85FD0001B39 /* NLFExercise.m */,
				BA88BEE692FF2233A8CDA6EB /* NLFExercise.h */,
				BA88BF46D126F208297E3E8D /* NLFMuscleGroup.m */,
				BA88B5679C786CFA6A59B89E /* NLFMuscleGroup.h */,
			);
			name = Models;
			sourceTree = "<group>";
		};
		57DA6AEF1BA76488007B9EC7 /* Stores */ = {
			isa = PBXGroup;
			children = (
				BA88B27A69F6AD47032221C2 /* NLFDatabase.m */,
				BA88BD91E92FA38DCBB96B6E /* NLFDatabase.h */,
				BA88BAE8C9B1A6692319A070 /* NLFDatabaseFactory.m */,
				BA88BB59C41EEB92173EC7E9 /* NLFDatabaseFactory.h */,
			);
			name = Stores;
			sourceTree = "<group>";
		};
		57EDFA2A1BA8BF0E000FB51A /* Views */ = {
			isa = PBXGroup;
			children = (
				BA88B3810347E2747FF8BFA5 /* CategoryTableCell.m */,
				BA88BBDEA5B31255BBD27A53 /* CategoryTableCell.h */,
			);
			name = Views;
			sourceTree = "<group>";
		};
		57EDFA2B1BA8BF7C000FB51A /* Controllers */ = {
			isa = PBXGroup;
			children = (
				BA88BD1D695ABD7321C99973 /* CategoryViewController.m */,
				BA88B45D6F0A52D714C88567 /* CategoryViewController.h */,
				577DF71E1BAA111D00E7B7C9 /* AddMuscleGroupViewController.h */,
				577DF71F1BAA111D00E7B7C9 /* AddMuscleGroupViewController.m */,
				57D1C0741BAB57740000DF37 /* ExercisesViewController.h */,
				57D1C0751BAB57740000DF37 /* ExercisesViewController.m */,
				577D432F1BB1CE7600695F3C /* MuscleGroupsViewController.h */,
				577D43301BB1CE7600695F3C /* MuscleGroupsViewController.m */,
			);
			name = Controllers;
			sourceTree = "<group>";
		};
		57EDFA2C1BA8BFE2000FB51A /* Resources */ = {
			isa = PBXGroup;
			children = (
				BA88B6FE1278ADCA02C32A53 /* Views */,
				BA88BEF123CB60E3D8047FBB /* Images.xcassets */,
			);
			name = Resources;
			sourceTree = "<group>";
		};
		6BD161F2285104FD221BBA4C /* Frameworks */ = {
			isa = PBXGroup;
			children = (
				CF9241613C211B28BF8D14E4 /* libPods.a */,
			);
			name = Frameworks;
			sourceTree = "<group>";
		};
		BA88B4AF5A3D9FD62799C2F7 /* Storyboards */ = {
			isa = PBXGroup;
			children = (
				BA88B0816EBC670F9F71F17D /* Main.storyboard */,
			);
			path = Storyboards;
			sourceTree = "<group>";
		};
		BA88B6FE1278ADCA02C32A53 /* Views */ = {
			isa = PBXGroup;
			children = (
				BA88B83760B6887B7CC24497 /* CategoryTableCell.xib */,
				BA88BC6D3AB28DB5E8919BDC /* LaunchScreen.xib */,
			);
			name = Views;
			sourceTree = "<group>";
		};
		BA88B9F0CB95F6D5D13FC13E /* Utils */ = {
			isa = PBXGroup;
			children = (
				BA88BF57744577168FB04FC9 /* NLFColor.m */,
				BA88BC41960E2EC056D4448C /* NLFColor.h */,
			);
			path = Utils;
			sourceTree = "<group>";
		};
/* End PBXGroup section */

/* Begin PBXNativeTarget section */
		576B3FFA1B9F953400B9D296 /* NextLift */ = {
			isa = PBXNativeTarget;
			buildConfigurationList = 576B401E1B9F953400B9D296 /* Build configuration list for PBXNativeTarget "NextLift" */;
			buildPhases = (
				B177F5D5EA7602219429FC03 /* Check Pods Manifest.lock */,
				576B3FF71B9F953400B9D296 /* Sources */,
				576B3FF81B9F953400B9D296 /* Frameworks */,
				576B3FF91B9F953400B9D296 /* Resources */,
				F38444C1B5AB9668B1260B3A /* Copy Pods Resources */,
			);
			buildRules = (
			);
			dependencies = (
			);
			name = NextLift;
			productName = NextLift;
			productReference = 576B3FFB1B9F953400B9D296 /* NextLift.app */;
			productType = "com.apple.product-type.application";
		};
		576B40131B9F953400B9D296 /* NextLiftTests */ = {
			isa = PBXNativeTarget;
			buildConfigurationList = 576B40211B9F953400B9D296 /* Build configuration list for PBXNativeTarget "NextLiftTests" */;
			buildPhases = (
				576B40101B9F953400B9D296 /* Sources */,
				576B40111B9F953400B9D296 /* Frameworks */,
				576B40121B9F953400B9D296 /* Resources */,
			);
			buildRules = (
			);
			dependencies = (
				576B40161B9F953400B9D296 /* PBXTargetDependency */,
			);
			name = NextLiftTests;
			productName = NextLiftTests;
			productReference = 576B40141B9F953400B9D296 /* NextLiftTests.xctest */;
			productType = "com.apple.product-type.bundle.unit-test";
		};
/* End PBXNativeTarget section */

/* Begin PBXProject section */
		576B3FF31B9F953400B9D296 /* Project object */ = {
			isa = PBXProject;
			attributes = {
				LastUpgradeCheck = 0700;
				ORGANIZATIONNAME = daio;
				TargetAttributes = {
					576B3FFA1B9F953400B9D296 = {
						CreatedOnToolsVersion = 6.4;
						DevelopmentTeam = RUACP22HMJ;
					};
					576B40131B9F953400B9D296 = {
						CreatedOnToolsVersion = 6.4;
						TestTargetID = 576B3FFA1B9F953400B9D296;
					};
				};
			};
			buildConfigurationList = 576B3FF61B9F953400B9D296 /* Build configuration list for PBXProject "NextLift" */;
			compatibilityVersion = "Xcode 3.2";
			developmentRegion = English;
			hasScannedForEncodings = 0;
			knownRegions = (
				en,
				Base,
			);
			mainGroup = 576B3FF21B9F953400B9D296;
			productRefGroup = 576B3FFC1B9F953400B9D296 /* Products */;
			projectDirPath = "";
			projectRoot = "";
			targets = (
				576B3FFA1B9F953400B9D296 /* NextLift */,
				576B40131B9F953400B9D296 /* NextLiftTests */,
			);
		};
/* End PBXProject section */

/* Begin PBXResourcesBuildPhase section */
		576B3FF91B9F953400B9D296 /* Resources */ = {
			isa = PBXResourcesBuildPhase;
			buildActionMask = 2147483647;
			files = (
				BA88BDCD39FE3A6D50964B1F /* CategoryTableCell.xib in Resources */,
				BA88BCD23E67E84E8F20CEB5 /* Images.xcassets in Resources */,
				BA88BC98E47B56B3BCA15E16 /* LaunchScreen.xib in Resources */,
				BA88BDB7748328988E829088 /* Main.storyboard in Resources */,
			);
			runOnlyForDeploymentPostprocessing = 0;
		};
		576B40121B9F953400B9D296 /* Resources */ = {
			isa = PBXResourcesBuildPhase;
			buildActionMask = 2147483647;
			files = (
			);
			runOnlyForDeploymentPostprocessing = 0;
		};
/* End PBXResourcesBuildPhase section */

/* Begin PBXShellScriptBuildPhase section */
		B177F5D5EA7602219429FC03 /* Check Pods Manifest.lock */ = {
			isa = PBXShellScriptBuildPhase;
			buildActionMask = 2147483647;
			files = (
			);
			inputPaths = (
			);
			name = "Check Pods Manifest.lock";
			outputPaths = (
			);
			runOnlyForDeploymentPostprocessing = 0;
			shellPath = /bin/sh;
			shellScript = "diff \"${PODS_ROOT}/../Podfile.lock\" \"${PODS_ROOT}/Manifest.lock\" > /dev/null\nif [[ $? != 0 ]] ; then\n    cat << EOM\nerror: The sandbox is not in sync with the Podfile.lock. Run 'pod install' or update your CocoaPods installation.\nEOM\n    exit 1\nfi\n";
			showEnvVarsInLog = 0;
		};
		F38444C1B5AB9668B1260B3A /* Copy Pods Resources */ = {
			isa = PBXShellScriptBuildPhase;
			buildActionMask = 2147483647;
			files = (
			);
			inputPaths = (
			);
			name = "Copy Pods Resources";
			outputPaths = (
			);
			runOnlyForDeploymentPostprocessing = 0;
			shellPath = /bin/sh;
			shellScript = "\"${SRCROOT}/Pods/Target Support Files/Pods/Pods-resources.sh\"\n";
			showEnvVarsInLog = 0;
		};
/* End PBXShellScriptBuildPhase section */

/* Begin PBXSourcesBuildPhase section */
		576B3FF71B9F953400B9D296 /* Sources */ = {
			isa = PBXSourcesBuildPhase;
			buildActionMask = 2147483647;
			files = (
				576B40041B9F953400B9D296 /* AppDelegate.m in Sources */,
				576B40011B9F953400B9D296 /* main.m in Sources */,
				57D1C0761BAB57740000DF37 /* ExercisesViewController.m in Sources */,
				BA88B92F7175442FE9FD8992 /* NLFExercise.m in Sources */,
				BA88BA7719CA7B3EC70D868E /* NLFDatabase.m in Sources */,
				BA88BDB1BAF30493052BCF36 /* NLFDatabaseFactory.m in Sources */,
				BA88BE6EC269E0FD371D22DC /* NLFMuscleGroup.m in Sources */,
				577D43311BB1CE7600695F3C /* MuscleGroupsViewController.m in Sources */,
				BA88BC3961AC65F23BD81C7E /* CategoryTableCell.m in Sources */,
				BA88BDA7F20B5A60D64583B7 /* CategoryViewController.m in Sources */,
				577DF7201BAA111D00E7B7C9 /* AddMuscleGroupViewController.m in Sources */,
				BA88BD46AB3D647F5CD5DCC5 /* NLFColor.m in Sources */,
			);
			runOnlyForDeploymentPostprocessing = 0;
		};
		576B40101B9F953400B9D296 /* Sources */ = {
			isa = PBXSourcesBuildPhase;
			buildActionMask = 2147483647;
			files = (
				576B401B1B9F953400B9D296 /* NextLiftTests.m in Sources */,
			);
			runOnlyForDeploymentPostprocessing = 0;
		};
/* End PBXSourcesBuildPhase section */

/* Begin PBXTargetDependency section */
		576B40161B9F953400B9D296 /* PBXTargetDependency */ = {
			isa = PBXTargetDependency;
			target = 576B3FFA1B9F953400B9D296 /* NextLift */;
			targetProxy = 576B40151B9F953400B9D296 /* PBXContainerItemProxy */;
		};
/* End PBXTargetDependency section */

/* Begin PBXVariantGroup section */
		BA88B0816EBC670F9F71F17D /* Main.storyboard */ = {
			isa = PBXVariantGroup;
			children = (
				BA88B746262150B99BB3214C /* Base */,
			);
			name = Main.storyboard;
			sourceTree = "<group>";
		};
		BA88BC6D3AB28DB5E8919BDC /* LaunchScreen.xib */ = {
			isa = PBXVariantGroup;
			children = (
				BA88B125901291F56FA46E81 /* Base */,
			);
			name = LaunchScreen.xib;
			sourceTree = "<group>";
		};
/* End PBXVariantGroup section */

/* Begin XCBuildConfiguration section */
		576B401C1B9F953400B9D296 /* Debug */ = {
			isa = XCBuildConfiguration;
			buildSettings = {
				ALWAYS_SEARCH_USER_PATHS = NO;
				CLANG_CXX_LANGUAGE_STANDARD = "gnu++0x";
				CLANG_CXX_LIBRARY = "libc++";
				CLANG_ENABLE_MODULES = YES;
				CLANG_ENABLE_OBJC_ARC = YES;
				CLANG_WARN_BOOL_CONVERSION = YES;
				CLANG_WARN_CONSTANT_CONVERSION = YES;
				CLANG_WARN_DIRECT_OBJC_ISA_USAGE = YES_ERROR;
				CLANG_WARN_EMPTY_BODY = YES;
				CLANG_WARN_ENUM_CONVERSION = YES;
				CLANG_WARN_INT_CONVERSION = YES;
				CLANG_WARN_OBJC_ROOT_CLASS = YES_ERROR;
				CLANG_WARN_UNREACHABLE_CODE = YES;
				CLANG_WARN__DUPLICATE_METHOD_MATCH = YES;
				"CODE_SIGN_IDENTITY[sdk=iphoneos*]" = "iPhone Developer";
				COPY_PHASE_STRIP = NO;
				DEBUG_INFORMATION_FORMAT = "dwarf-with-dsym";
				ENABLE_STRICT_OBJC_MSGSEND = YES;
				ENABLE_TESTABILITY = YES;
				GCC_C_LANGUAGE_STANDARD = gnu99;
				GCC_DYNAMIC_NO_PIC = NO;
				GCC_NO_COMMON_BLOCKS = YES;
				GCC_OPTIMIZATION_LEVEL = 0;
				GCC_PREPROCESSOR_DEFINITIONS = (
					"DEBUG=1",
					"$(inherited)",
				);
				GCC_SYMBOLS_PRIVATE_EXTERN = NO;
				GCC_WARN_64_TO_32_BIT_CONVERSION = YES;
				GCC_WARN_ABOUT_RETURN_TYPE = YES_ERROR;
				GCC_WARN_UNDECLARED_SELECTOR = YES;
				GCC_WARN_UNINITIALIZED_AUTOS = YES_AGGRESSIVE;
				GCC_WARN_UNUSED_FUNCTION = YES;
				GCC_WARN_UNUSED_VARIABLE = YES;
				IPHONEOS_DEPLOYMENT_TARGET = 8.4;
				MTL_ENABLE_DEBUG_INFO = YES;
				ONLY_ACTIVE_ARCH = YES;
				SDKROOT = iphoneos;
				TARGETED_DEVICE_FAMILY = "1,2";
			};
			name = Debug;
		};
		576B401D1B9F953400B9D296 /* Release */ = {
			isa = XCBuildConfiguration;
			buildSettings = {
				ALWAYS_SEARCH_USER_PATHS = NO;
				CLANG_CXX_LANGUAGE_STANDARD = "gnu++0x";
				CLANG_CXX_LIBRARY = "libc++";
				CLANG_ENABLE_MODULES = YES;
				CLANG_ENABLE_OBJC_ARC = YES;
				CLANG_WARN_BOOL_CONVERSION = YES;
				CLANG_WARN_CONSTANT_CONVERSION = YES;
				CLANG_WARN_DIRECT_OBJC_ISA_USAGE = YES_ERROR;
				CLANG_WARN_EMPTY_BODY = YES;
				CLANG_WARN_ENUM_CONVERSION = YES;
				CLANG_WARN_INT_CONVERSION = YES;
				CLANG_WARN_OBJC_ROOT_CLASS = YES_ERROR;
				CLANG_WARN_UNREACHABLE_CODE = YES;
				CLANG_WARN__DUPLICATE_METHOD_MATCH = YES;
				"CODE_SIGN_IDENTITY[sdk=iphoneos*]" = "iPhone Developer";
				COPY_PHASE_STRIP = NO;
				DEBUG_INFORMATION_FORMAT = "dwarf-with-dsym";
				ENABLE_NS_ASSERTIONS = NO;
				ENABLE_STRICT_OBJC_MSGSEND = YES;
				GCC_C_LANGUAGE_STANDARD = gnu99;
				GCC_NO_COMMON_BLOCKS = YES;
				GCC_WARN_64_TO_32_BIT_CONVERSION = YES;
				GCC_WARN_ABOUT_RETURN_TYPE = YES_ERROR;
				GCC_WARN_UNDECLARED_SELECTOR = YES;
				GCC_WARN_UNINITIALIZED_AUTOS = YES_AGGRESSIVE;
				GCC_WARN_UNUSED_FUNCTION = YES;
				GCC_WARN_UNUSED_VARIABLE = YES;
				IPHONEOS_DEPLOYMENT_TARGET = 8.4;
				MTL_ENABLE_DEBUG_INFO = NO;
				SDKROOT = iphoneos;
				TARGETED_DEVICE_FAMILY = "1,2";
				VALIDATE_PRODUCT = YES;
			};
			name = Release;
		};
		576B401F1B9F953400B9D296 /* Debug */ = {
			isa = XCBuildConfiguration;
			baseConfigurationReference = 6058FAF29D7829664B0D844C /* Pods.debug.xcconfig */;
			buildSettings = {
				ASSETCATALOG_COMPILER_APPICON_NAME = AppIcon;
				CODE_SIGN_IDENTITY = "iPhone Developer";
				"CODE_SIGN_IDENTITY[sdk=iphoneos*]" = "iPhone Developer";
				INFOPLIST_FILE = NextLift/Info.plist;
				LD_RUNPATH_SEARCH_PATHS = "$(inherited) @executable_path/Frameworks";
				PRODUCT_BUNDLE_IDENTIFIER = "io.daio.$(PRODUCT_NAME:rfc1034identifier)";
				PRODUCT_NAME = "$(TARGET_NAME)";
				PROVISIONING_PROFILE = "";
				USER_HEADER_SEARCH_PATHS = "\"${PROJECT_DIR}/Pods\"/**";
			};
			name = Debug;
		};
		576B40201B9F953400B9D296 /* Release */ = {
			isa = XCBuildConfiguration;
			baseConfigurationReference = 98309EBDAE26E0F0A112B016 /* Pods.release.xcconfig */;
			buildSettings = {
				ASSETCATALOG_COMPILER_APPICON_NAME = AppIcon;
				CODE_SIGN_IDENTITY = "iPhone Developer";
				"CODE_SIGN_IDENTITY[sdk=iphoneos*]" = "iPhone Developer";
				INFOPLIST_FILE = NextLift/Info.plist;
				LD_RUNPATH_SEARCH_PATHS = "$(inherited) @executable_path/Frameworks";
				PRODUCT_BUNDLE_IDENTIFIER = "io.daio.$(PRODUCT_NAME:rfc1034identifier)";
				PRODUCT_NAME = "$(TARGET_NAME)";
				PROVISIONING_PROFILE = "";
				USER_HEADER_SEARCH_PATHS = "\"${PROJECT_DIR}/Pods\"/**";
			};
			name = Release;
		};
		576B40221B9F953400B9D296 /* Debug */ = {
			isa = XCBuildConfiguration;
			buildSettings = {
				BUNDLE_LOADER = "$(TEST_HOST)";
				FRAMEWORK_SEARCH_PATHS = (
					"$(SDKROOT)/Developer/Library/Frameworks",
					"$(inherited)",
				);
				GCC_PREPROCESSOR_DEFINITIONS = (
					"DEBUG=1",
					"$(inherited)",
				);
				INFOPLIST_FILE = NextLiftTests/Info.plist;
				LD_RUNPATH_SEARCH_PATHS = "$(inherited) @executable_path/Frameworks @loader_path/Frameworks";
				PRODUCT_BUNDLE_IDENTIFIER = "io.daio.$(PRODUCT_NAME:rfc1034identifier)";
				PRODUCT_NAME = "$(TARGET_NAME)";
				TEST_HOST = "$(BUILT_PRODUCTS_DIR)/NextLift.app/NextLift";
			};
			name = Debug;
		};
		576B40231B9F953400B9D296 /* Release */ = {
			isa = XCBuildConfiguration;
			buildSettings = {
				BUNDLE_LOADER = "$(TEST_HOST)";
				FRAMEWORK_SEARCH_PATHS = (
					"$(SDKROOT)/Developer/Library/Frameworks",
					"$(inherited)",
				);
				INFOPLIST_FILE = NextLiftTests/Info.plist;
				LD_RUNPATH_SEARCH_PATHS = "$(inherited) @executable_path/Frameworks @loader_path/Frameworks";
				PRODUCT_BUNDLE_IDENTIFIER = "io.daio.$(PRODUCT_NAME:rfc1034identifier)";
				PRODUCT_NAME = "$(TARGET_NAME)";
				TEST_HOST = "$(BUILT_PRODUCTS_DIR)/NextLift.app/NextLift";
			};
			name = Release;
		};
/* End XCBuildConfiguration section */

/* Begin XCConfigurationList section */
		576B3FF61B9F953400B9D296 /* Build configuration list for PBXProject "NextLift" */ = {
			isa = XCConfigurationList;
			buildConfigurations = (
				576B401C1B9F953400B9D296 /* Debug */,
				576B401D1B9F953400B9D296 /* Release */,
			);
			defaultConfigurationIsVisible = 0;
			defaultConfigurationName = Release;
		};
		576B401E1B9F953400B9D296 /* Build configuration list for PBXNativeTarget "NextLift" */ = {
			isa = XCConfigurationList;
			buildConfigurations = (
				576B401F1B9F953400B9D296 /* Debug */,
				576B40201B9F953400B9D296 /* Release */,
			);
			defaultConfigurationIsVisible = 0;
			defaultConfigurationName = Release;
		};
		576B40211B9F953400B9D296 /* Build configuration list for PBXNativeTarget "NextLiftTests" */ = {
			isa = XCConfigurationList;
			buildConfigurations = (
				576B40221B9F953400B9D296 /* Debug */,
				576B40231B9F953400B9D296 /* Release */,
			);
			defaultConfigurationIsVisible = 0;
			defaultConfigurationName = Release;
		};
/* End XCConfigurationList section */
	};
	rootObject = 576B3FF31B9F953400B9D296 /* Project object */;
}
